
Microsoft Visual Studio Solution File, Format Version 12.00
# Visual Studio Version 16
VisualStudioVersion = 16.0.31402.337
MinimumVisualStudioVersion = 10.0.40219.1
Project("{FAE04EC0-301F-11D3-BF4B-00C04F79EFBC}") = "URI-1075", "URI-1075\URI-1075.csproj", "{D139F4FC-F7A6-4E1A-B2C9-D3062392BDAD}"
EndProject
Global
	GlobalSection(SolutionConfigurationPlatforms) = preSolution
		Debug|Any CPU = Debug|Any CPU
		Release|Any CPU = Release|Any CPU
	EndGlobalSection
	GlobalSection(ProjectConfigurationPlatforms) = postSolution
		{D139F4FC-F7A6-4E1A-B2C9-D3062392BDAD}.Debug|Any CPU.ActiveCfg = Debug|Any CPU
		{D139F4FC-F7A6-4E1A-B2C9-D3062392BDAD}.Debug|Any CPU.Build.0 = Debug|Any CPU
		{D139F4FC-F7A6-4E1A-B2C9-D3062392BDAD}.Release|Any CPU.ActiveCfg = Release|Any CPU
		{D139F4FC-F7A6-4E1A-B2C9-D3062392BDAD}.Release|Any CPU.Build.0 = Release|Any CPU
	EndGlobalSection
	GlobalSection(SolutionProperties) = preSolution
		HideSolutionNode = FALSE
	EndGlobalSection
	GlobalSection(ExtensibilityGlobals) = postSolution
		SolutionGuid = {5FA1F6AC-8EC9-4417-BA09-095480CB167B}
	EndGlobalSection
EndGlobal
