
Microsoft Visual Studio Solution File, Format Version 12.00
# Visual Studio Version 16
VisualStudioVersion = 16.0.31402.337
MinimumVisualStudioVersion = 10.0.40219.1
Project("{FAE04EC0-301F-11D3-BF4B-00C04F79EFBC}") = "URI-1044", "URI-1044\URI-1044.csproj", "{1A703D06-D7AE-4733-8015-B97AAAC55A9A}"
EndProject
Global
	GlobalSection(SolutionConfigurationPlatforms) = preSolution
		Debug|Any CPU = Debug|Any CPU
		Release|Any CPU = Release|Any CPU
	EndGlobalSection
	GlobalSection(ProjectConfigurationPlatforms) = postSolution
		{1A703D06-D7AE-4733-8015-B97AAAC55A9A}.Debug|Any CPU.ActiveCfg = Debug|Any CPU
		{1A703D06-D7AE-4733-8015-B97AAAC55A9A}.Debug|Any CPU.Build.0 = Debug|Any CPU
		{1A703D06-D7AE-4733-8015-B97AAAC55A9A}.Release|Any CPU.ActiveCfg = Release|Any CPU
		{1A703D06-D7AE-4733-8015-B97AAAC55A9A}.Release|Any CPU.Build.0 = Release|Any CPU
	EndGlobalSection
	GlobalSection(SolutionProperties) = preSolution
		HideSolutionNode = FALSE
	EndGlobalSection
	GlobalSection(ExtensibilityGlobals) = postSolution
		SolutionGuid = {2B435242-9210-4469-B47F-CB0ED7086668}
	EndGlobalSection
EndGlobal
