
Microsoft Visual Studio Solution File, Format Version 12.00
# Visual Studio Version 16
VisualStudioVersion = 16.0.31402.337
MinimumVisualStudioVersion = 10.0.40219.1
Project("{FAE04EC0-301F-11D3-BF4B-00C04F79EFBC}") = "URI-1073", "URI-1073\URI-1073.csproj", "{93DEC787-728D-4496-89FD-C357EC2A038D}"
EndProject
Global
	GlobalSection(SolutionConfigurationPlatforms) = preSolution
		Debug|Any CPU = Debug|Any CPU
		Release|Any CPU = Release|Any CPU
	EndGlobalSection
	GlobalSection(ProjectConfigurationPlatforms) = postSolution
		{93DEC787-728D-4496-89FD-C357EC2A038D}.Debug|Any CPU.ActiveCfg = Debug|Any CPU
		{93DEC787-728D-4496-89FD-C357EC2A038D}.Debug|Any CPU.Build.0 = Debug|Any CPU
		{93DEC787-728D-4496-89FD-C357EC2A038D}.Release|Any CPU.ActiveCfg = Release|Any CPU
		{93DEC787-728D-4496-89FD-C357EC2A038D}.Release|Any CPU.Build.0 = Release|Any CPU
	EndGlobalSection
	GlobalSection(SolutionProperties) = preSolution
		HideSolutionNode = FALSE
	EndGlobalSection
	GlobalSection(ExtensibilityGlobals) = postSolution
		SolutionGuid = {84F6C1F3-08C9-4DC2-84C2-098C6945F573}
	EndGlobalSection
EndGlobal
