
Microsoft Visual Studio Solution File, Format Version 12.00
# Visual Studio Version 16
VisualStudioVersion = 16.0.32106.194
MinimumVisualStudioVersion = 10.0.40219.1
Project("{FAE04EC0-301F-11D3-BF4B-00C04F79EFBC}") = "URI-1145", "URI-1145\URI-1145.csproj", "{14EF9BBC-D7B7-4741-9243-CECDA8B11A73}"
EndProject
Global
	GlobalSection(SolutionConfigurationPlatforms) = preSolution
		Debug|Any CPU = Debug|Any CPU
		Release|Any CPU = Release|Any CPU
	EndGlobalSection
	GlobalSection(ProjectConfigurationPlatforms) = postSolution
		{14EF9BBC-D7B7-4741-9243-CECDA8B11A73}.Debug|Any CPU.ActiveCfg = Debug|Any CPU
		{14EF9BBC-D7B7-4741-9243-CECDA8B11A73}.Debug|Any CPU.Build.0 = Debug|Any CPU
		{14EF9BBC-D7B7-4741-9243-CECDA8B11A73}.Release|Any CPU.ActiveCfg = Release|Any CPU
		{14EF9BBC-D7B7-4741-9243-CECDA8B11A73}.Release|Any CPU.Build.0 = Release|Any CPU
	EndGlobalSection
	GlobalSection(SolutionProperties) = preSolution
		HideSolutionNode = FALSE
	EndGlobalSection
	GlobalSection(ExtensibilityGlobals) = postSolution
		SolutionGuid = {1576D938-A688-4D6D-A078-83F8124D0C5E}
	EndGlobalSection
EndGlobal
