
Microsoft Visual Studio Solution File, Format Version 12.00
# Visual Studio Version 16
VisualStudioVersion = 16.0.31402.337
MinimumVisualStudioVersion = 10.0.40219.1
Project("{FAE04EC0-301F-11D3-BF4B-00C04F79EFBC}") = "URI-1067", "URI-1067\URI-1067.csproj", "{74733A2F-0765-4CDC-B319-952CF0A6D324}"
EndProject
Global
	GlobalSection(SolutionConfigurationPlatforms) = preSolution
		Debug|Any CPU = Debug|Any CPU
		Release|Any CPU = Release|Any CPU
	EndGlobalSection
	GlobalSection(ProjectConfigurationPlatforms) = postSolution
		{74733A2F-0765-4CDC-B319-952CF0A6D324}.Debug|Any CPU.ActiveCfg = Debug|Any CPU
		{74733A2F-0765-4CDC-B319-952CF0A6D324}.Debug|Any CPU.Build.0 = Debug|Any CPU
		{74733A2F-0765-4CDC-B319-952CF0A6D324}.Release|Any CPU.ActiveCfg = Release|Any CPU
		{74733A2F-0765-4CDC-B319-952CF0A6D324}.Release|Any CPU.Build.0 = Release|Any CPU
	EndGlobalSection
	GlobalSection(SolutionProperties) = preSolution
		HideSolutionNode = FALSE
	EndGlobalSection
	GlobalSection(ExtensibilityGlobals) = postSolution
		SolutionGuid = {F3A01A14-E4AA-4DC6-A949-A5789F4DE5C7}
	EndGlobalSection
EndGlobal
