
Microsoft Visual Studio Solution File, Format Version 12.00
# Visual Studio Version 16
VisualStudioVersion = 16.0.31402.337
MinimumVisualStudioVersion = 10.0.40219.1
Project("{FAE04EC0-301F-11D3-BF4B-00C04F79EFBC}") = "URI-1070", "URI-1070\URI-1070.csproj", "{37D8E35E-3FA5-4B02-A951-98CF75738BDB}"
EndProject
Global
	GlobalSection(SolutionConfigurationPlatforms) = preSolution
		Debug|Any CPU = Debug|Any CPU
		Release|Any CPU = Release|Any CPU
	EndGlobalSection
	GlobalSection(ProjectConfigurationPlatforms) = postSolution
		{37D8E35E-3FA5-4B02-A951-98CF75738BDB}.Debug|Any CPU.ActiveCfg = Debug|Any CPU
		{37D8E35E-3FA5-4B02-A951-98CF75738BDB}.Debug|Any CPU.Build.0 = Debug|Any CPU
		{37D8E35E-3FA5-4B02-A951-98CF75738BDB}.Release|Any CPU.ActiveCfg = Release|Any CPU
		{37D8E35E-3FA5-4B02-A951-98CF75738BDB}.Release|Any CPU.Build.0 = Release|Any CPU
	EndGlobalSection
	GlobalSection(SolutionProperties) = preSolution
		HideSolutionNode = FALSE
	EndGlobalSection
	GlobalSection(ExtensibilityGlobals) = postSolution
		SolutionGuid = {7DEE49DE-53BA-4691-9211-C5BE9AB695F0}
	EndGlobalSection
EndGlobal
