
Microsoft Visual Studio Solution File, Format Version 12.00
# Visual Studio Version 16
VisualStudioVersion = 16.0.31402.337
MinimumVisualStudioVersion = 10.0.40219.1
Project("{FAE04EC0-301F-11D3-BF4B-00C04F79EFBC}") = "URI-1020", "URI-1020\URI-1020.csproj", "{F1589EEC-67F8-4E34-B485-59AA26B98D80}"
EndProject
Global
	GlobalSection(SolutionConfigurationPlatforms) = preSolution
		Debug|Any CPU = Debug|Any CPU
		Release|Any CPU = Release|Any CPU
	EndGlobalSection
	GlobalSection(ProjectConfigurationPlatforms) = postSolution
		{F1589EEC-67F8-4E34-B485-59AA26B98D80}.Debug|Any CPU.ActiveCfg = Debug|Any CPU
		{F1589EEC-67F8-4E34-B485-59AA26B98D80}.Debug|Any CPU.Build.0 = Debug|Any CPU
		{F1589EEC-67F8-4E34-B485-59AA26B98D80}.Release|Any CPU.ActiveCfg = Release|Any CPU
		{F1589EEC-67F8-4E34-B485-59AA26B98D80}.Release|Any CPU.Build.0 = Release|Any CPU
	EndGlobalSection
	GlobalSection(SolutionProperties) = preSolution
		HideSolutionNode = FALSE
	EndGlobalSection
	GlobalSection(ExtensibilityGlobals) = postSolution
		SolutionGuid = {6E3ACF5B-E1DE-47C3-BC71-8FA1DAB42707}
	EndGlobalSection
EndGlobal
