
Microsoft Visual Studio Solution File, Format Version 12.00
# Visual Studio Version 16
VisualStudioVersion = 16.0.31402.337
MinimumVisualStudioVersion = 10.0.40219.1
Project("{FAE04EC0-301F-11D3-BF4B-00C04F79EFBC}") = "URI-1072", "URI-1072\URI-1072.csproj", "{690303E2-13A2-40A7-B729-D80F53506E66}"
EndProject
Global
	GlobalSection(SolutionConfigurationPlatforms) = preSolution
		Debug|Any CPU = Debug|Any CPU
		Release|Any CPU = Release|Any CPU
	EndGlobalSection
	GlobalSection(ProjectConfigurationPlatforms) = postSolution
		{690303E2-13A2-40A7-B729-D80F53506E66}.Debug|Any CPU.ActiveCfg = Debug|Any CPU
		{690303E2-13A2-40A7-B729-D80F53506E66}.Debug|Any CPU.Build.0 = Debug|Any CPU
		{690303E2-13A2-40A7-B729-D80F53506E66}.Release|Any CPU.ActiveCfg = Release|Any CPU
		{690303E2-13A2-40A7-B729-D80F53506E66}.Release|Any CPU.Build.0 = Release|Any CPU
	EndGlobalSection
	GlobalSection(SolutionProperties) = preSolution
		HideSolutionNode = FALSE
	EndGlobalSection
	GlobalSection(ExtensibilityGlobals) = postSolution
		SolutionGuid = {C166CE63-E8BA-4055-AE31-51CB71D84ADA}
	EndGlobalSection
EndGlobal
