
Microsoft Visual Studio Solution File, Format Version 12.00
# Visual Studio Version 16
VisualStudioVersion = 16.0.31402.337
MinimumVisualStudioVersion = 10.0.40219.1
Project("{FAE04EC0-301F-11D3-BF4B-00C04F79EFBC}") = "URI-1114", "URI-1114\URI-1114.csproj", "{BF013DF7-9D93-4AE6-B313-86BE757C7ADE}"
EndProject
Global
	GlobalSection(SolutionConfigurationPlatforms) = preSolution
		Debug|Any CPU = Debug|Any CPU
		Release|Any CPU = Release|Any CPU
	EndGlobalSection
	GlobalSection(ProjectConfigurationPlatforms) = postSolution
		{BF013DF7-9D93-4AE6-B313-86BE757C7ADE}.Debug|Any CPU.ActiveCfg = Debug|Any CPU
		{BF013DF7-9D93-4AE6-B313-86BE757C7ADE}.Debug|Any CPU.Build.0 = Debug|Any CPU
		{BF013DF7-9D93-4AE6-B313-86BE757C7ADE}.Release|Any CPU.ActiveCfg = Release|Any CPU
		{BF013DF7-9D93-4AE6-B313-86BE757C7ADE}.Release|Any CPU.Build.0 = Release|Any CPU
	EndGlobalSection
	GlobalSection(SolutionProperties) = preSolution
		HideSolutionNode = FALSE
	EndGlobalSection
	GlobalSection(ExtensibilityGlobals) = postSolution
		SolutionGuid = {7815219A-D423-49AA-829D-3D40700A6861}
	EndGlobalSection
EndGlobal
