
Microsoft Visual Studio Solution File, Format Version 12.00
# Visual Studio Version 16
VisualStudioVersion = 16.0.31402.337
MinimumVisualStudioVersion = 10.0.40219.1
Project("{FAE04EC0-301F-11D3-BF4B-00C04F79EFBC}") = "URI-1097", "URI-1097\URI-1097.csproj", "{A131AC57-9A0F-402D-9E51-E08DF1918C2A}"
EndProject
Global
	GlobalSection(SolutionConfigurationPlatforms) = preSolution
		Debug|Any CPU = Debug|Any CPU
		Release|Any CPU = Release|Any CPU
	EndGlobalSection
	GlobalSection(ProjectConfigurationPlatforms) = postSolution
		{A131AC57-9A0F-402D-9E51-E08DF1918C2A}.Debug|Any CPU.ActiveCfg = Debug|Any CPU
		{A131AC57-9A0F-402D-9E51-E08DF1918C2A}.Debug|Any CPU.Build.0 = Debug|Any CPU
		{A131AC57-9A0F-402D-9E51-E08DF1918C2A}.Release|Any CPU.ActiveCfg = Release|Any CPU
		{A131AC57-9A0F-402D-9E51-E08DF1918C2A}.Release|Any CPU.Build.0 = Release|Any CPU
	EndGlobalSection
	GlobalSection(SolutionProperties) = preSolution
		HideSolutionNode = FALSE
	EndGlobalSection
	GlobalSection(ExtensibilityGlobals) = postSolution
		SolutionGuid = {76DD4C0E-B1EF-48EC-9614-EE97C5C15758}
	EndGlobalSection
EndGlobal
