
Microsoft Visual Studio Solution File, Format Version 12.00
# Visual Studio Version 16
VisualStudioVersion = 16.0.31402.337
MinimumVisualStudioVersion = 10.0.40219.1
Project("{FAE04EC0-301F-11D3-BF4B-00C04F79EFBC}") = "URI-1060", "URI-1060\URI-1060.csproj", "{B918424B-7AD9-4A44-A734-BC06E2743D25}"
EndProject
Global
	GlobalSection(SolutionConfigurationPlatforms) = preSolution
		Debug|Any CPU = Debug|Any CPU
		Release|Any CPU = Release|Any CPU
	EndGlobalSection
	GlobalSection(ProjectConfigurationPlatforms) = postSolution
		{B918424B-7AD9-4A44-A734-BC06E2743D25}.Debug|Any CPU.ActiveCfg = Debug|Any CPU
		{B918424B-7AD9-4A44-A734-BC06E2743D25}.Debug|Any CPU.Build.0 = Debug|Any CPU
		{B918424B-7AD9-4A44-A734-BC06E2743D25}.Release|Any CPU.ActiveCfg = Release|Any CPU
		{B918424B-7AD9-4A44-A734-BC06E2743D25}.Release|Any CPU.Build.0 = Release|Any CPU
	EndGlobalSection
	GlobalSection(SolutionProperties) = preSolution
		HideSolutionNode = FALSE
	EndGlobalSection
	GlobalSection(ExtensibilityGlobals) = postSolution
		SolutionGuid = {5BC38349-C2E1-4D94-880E-4AF91A9B8E46}
	EndGlobalSection
EndGlobal
