
Microsoft Visual Studio Solution File, Format Version 12.00
# Visual Studio Version 16
VisualStudioVersion = 16.0.31402.337
MinimumVisualStudioVersion = 10.0.40219.1
Project("{FAE04EC0-301F-11D3-BF4B-00C04F79EFBC}") = "URI-1037", "URI-1037\URI-1037.csproj", "{F7F23BE4-3434-4094-A875-D3BCF73512FB}"
EndProject
Global
	GlobalSection(SolutionConfigurationPlatforms) = preSolution
		Debug|Any CPU = Debug|Any CPU
		Release|Any CPU = Release|Any CPU
	EndGlobalSection
	GlobalSection(ProjectConfigurationPlatforms) = postSolution
		{F7F23BE4-3434-4094-A875-D3BCF73512FB}.Debug|Any CPU.ActiveCfg = Debug|Any CPU
		{F7F23BE4-3434-4094-A875-D3BCF73512FB}.Debug|Any CPU.Build.0 = Debug|Any CPU
		{F7F23BE4-3434-4094-A875-D3BCF73512FB}.Release|Any CPU.ActiveCfg = Release|Any CPU
		{F7F23BE4-3434-4094-A875-D3BCF73512FB}.Release|Any CPU.Build.0 = Release|Any CPU
	EndGlobalSection
	GlobalSection(SolutionProperties) = preSolution
		HideSolutionNode = FALSE
	EndGlobalSection
	GlobalSection(ExtensibilityGlobals) = postSolution
		SolutionGuid = {3F89D33C-4ADA-4673-BFEC-D00510273E4E}
	EndGlobalSection
EndGlobal
