
Microsoft Visual Studio Solution File, Format Version 12.00
# Visual Studio Version 16
VisualStudioVersion = 16.0.31402.337
MinimumVisualStudioVersion = 10.0.40219.1
Project("{FAE04EC0-301F-11D3-BF4B-00C04F79EFBC}") = "URI-1117", "URI-1117\URI-1117.csproj", "{50789D95-38EE-43CE-A3FB-95586FD44EBA}"
EndProject
Global
	GlobalSection(SolutionConfigurationPlatforms) = preSolution
		Debug|Any CPU = Debug|Any CPU
		Release|Any CPU = Release|Any CPU
	EndGlobalSection
	GlobalSection(ProjectConfigurationPlatforms) = postSolution
		{50789D95-38EE-43CE-A3FB-95586FD44EBA}.Debug|Any CPU.ActiveCfg = Debug|Any CPU
		{50789D95-38EE-43CE-A3FB-95586FD44EBA}.Debug|Any CPU.Build.0 = Debug|Any CPU
		{50789D95-38EE-43CE-A3FB-95586FD44EBA}.Release|Any CPU.ActiveCfg = Release|Any CPU
		{50789D95-38EE-43CE-A3FB-95586FD44EBA}.Release|Any CPU.Build.0 = Release|Any CPU
	EndGlobalSection
	GlobalSection(SolutionProperties) = preSolution
		HideSolutionNode = FALSE
	EndGlobalSection
	GlobalSection(ExtensibilityGlobals) = postSolution
		SolutionGuid = {9E2D5584-8977-4DB0-A901-80BA863706E9}
	EndGlobalSection
EndGlobal
