
Microsoft Visual Studio Solution File, Format Version 12.00
# Visual Studio Version 16
VisualStudioVersion = 16.0.31402.337
MinimumVisualStudioVersion = 10.0.40219.1
Project("{FAE04EC0-301F-11D3-BF4B-00C04F79EFBC}") = "URI-1134", "URI-1134\URI-1134.csproj", "{4557DE11-D9DB-4506-9FED-00B4A2FA0DF0}"
EndProject
Global
	GlobalSection(SolutionConfigurationPlatforms) = preSolution
		Debug|Any CPU = Debug|Any CPU
		Release|Any CPU = Release|Any CPU
	EndGlobalSection
	GlobalSection(ProjectConfigurationPlatforms) = postSolution
		{4557DE11-D9DB-4506-9FED-00B4A2FA0DF0}.Debug|Any CPU.ActiveCfg = Debug|Any CPU
		{4557DE11-D9DB-4506-9FED-00B4A2FA0DF0}.Debug|Any CPU.Build.0 = Debug|Any CPU
		{4557DE11-D9DB-4506-9FED-00B4A2FA0DF0}.Release|Any CPU.ActiveCfg = Release|Any CPU
		{4557DE11-D9DB-4506-9FED-00B4A2FA0DF0}.Release|Any CPU.Build.0 = Release|Any CPU
	EndGlobalSection
	GlobalSection(SolutionProperties) = preSolution
		HideSolutionNode = FALSE
	EndGlobalSection
	GlobalSection(ExtensibilityGlobals) = postSolution
		SolutionGuid = {87AD5D9E-31A7-4D2D-B1F6-46FCB132DF7E}
	EndGlobalSection
EndGlobal
