
Microsoft Visual Studio Solution File, Format Version 12.00
# Visual Studio Version 16
VisualStudioVersion = 16.0.31402.337
MinimumVisualStudioVersion = 10.0.40219.1
Project("{FAE04EC0-301F-11D3-BF4B-00C04F79EFBC}") = "URI-1005", "URI-1005\URI-1005.csproj", "{173105EB-312D-4DAC-B2F7-942561B437DC}"
EndProject
Global
	GlobalSection(SolutionConfigurationPlatforms) = preSolution
		Debug|Any CPU = Debug|Any CPU
		Release|Any CPU = Release|Any CPU
	EndGlobalSection
	GlobalSection(ProjectConfigurationPlatforms) = postSolution
		{173105EB-312D-4DAC-B2F7-942561B437DC}.Debug|Any CPU.ActiveCfg = Debug|Any CPU
		{173105EB-312D-4DAC-B2F7-942561B437DC}.Debug|Any CPU.Build.0 = Debug|Any CPU
		{173105EB-312D-4DAC-B2F7-942561B437DC}.Release|Any CPU.ActiveCfg = Release|Any CPU
		{173105EB-312D-4DAC-B2F7-942561B437DC}.Release|Any CPU.Build.0 = Release|Any CPU
	EndGlobalSection
	GlobalSection(SolutionProperties) = preSolution
		HideSolutionNode = FALSE
	EndGlobalSection
	GlobalSection(ExtensibilityGlobals) = postSolution
		SolutionGuid = {9BB09543-2C93-44A4-A485-8CF7AE59A20E}
	EndGlobalSection
EndGlobal
