
Microsoft Visual Studio Solution File, Format Version 12.00
# Visual Studio Version 16
VisualStudioVersion = 16.0.31402.337
MinimumVisualStudioVersion = 10.0.40219.1
Project("{FAE04EC0-301F-11D3-BF4B-00C04F79EFBC}") = "BEE-1145", "BEE-1145\BEE-1145.csproj", "{6FA99583-73CF-4514-B818-78B03640ED8F}"
EndProject
Global
	GlobalSection(SolutionConfigurationPlatforms) = preSolution
		Debug|Any CPU = Debug|Any CPU
		Release|Any CPU = Release|Any CPU
	EndGlobalSection
	GlobalSection(ProjectConfigurationPlatforms) = postSolution
		{6FA99583-73CF-4514-B818-78B03640ED8F}.Debug|Any CPU.ActiveCfg = Debug|Any CPU
		{6FA99583-73CF-4514-B818-78B03640ED8F}.Debug|Any CPU.Build.0 = Debug|Any CPU
		{6FA99583-73CF-4514-B818-78B03640ED8F}.Release|Any CPU.ActiveCfg = Release|Any CPU
		{6FA99583-73CF-4514-B818-78B03640ED8F}.Release|Any CPU.Build.0 = Release|Any CPU
	EndGlobalSection
	GlobalSection(SolutionProperties) = preSolution
		HideSolutionNode = FALSE
	EndGlobalSection
	GlobalSection(ExtensibilityGlobals) = postSolution
		SolutionGuid = {19655780-1FA5-4686-84EC-1550E10A3878}
	EndGlobalSection
EndGlobal
