
Microsoft Visual Studio Solution File, Format Version 12.00
# Visual Studio Version 16
VisualStudioVersion = 16.0.31402.337
MinimumVisualStudioVersion = 10.0.40219.1
Project("{FAE04EC0-301F-11D3-BF4B-00C04F79EFBC}") = "URI-1132", "URI-1132\URI-1132.csproj", "{1F076E3C-0042-4698-93EC-0E235D8D18E7}"
EndProject
Global
	GlobalSection(SolutionConfigurationPlatforms) = preSolution
		Debug|Any CPU = Debug|Any CPU
		Release|Any CPU = Release|Any CPU
	EndGlobalSection
	GlobalSection(ProjectConfigurationPlatforms) = postSolution
		{1F076E3C-0042-4698-93EC-0E235D8D18E7}.Debug|Any CPU.ActiveCfg = Debug|Any CPU
		{1F076E3C-0042-4698-93EC-0E235D8D18E7}.Debug|Any CPU.Build.0 = Debug|Any CPU
		{1F076E3C-0042-4698-93EC-0E235D8D18E7}.Release|Any CPU.ActiveCfg = Release|Any CPU
		{1F076E3C-0042-4698-93EC-0E235D8D18E7}.Release|Any CPU.Build.0 = Release|Any CPU
	EndGlobalSection
	GlobalSection(SolutionProperties) = preSolution
		HideSolutionNode = FALSE
	EndGlobalSection
	GlobalSection(ExtensibilityGlobals) = postSolution
		SolutionGuid = {991DF5E2-F31B-4FF1-8C0A-E4429F22D26B}
	EndGlobalSection
EndGlobal
